{
    "_readme": [
        "This file locks the dependencies of your project to a known state",
        "Read more about it at https://getcomposer.org/doc/01-basic-usage.md#installing-dependencies",
        "This file is @generated automatically"
    ],
    "content-hash": "577e78bd41c891a09c681a8917f62271",
    "packages": [
        {
            "name": "doctrine/annotations",
            "version": "1.14.3",
            "source": {
                "type": "git",
                "url": "https://github.com/doctrine/annotations.git",
                "reference": "fb0d71a7393298a7b232cbf4c8b1f73f3ec3d5af"
            },
            "dist": {
                "type": "zip",
                "url": "https://api.github.com/repos/doctrine/annotations/zipball/fb0d71a7393298a7b232cbf4c8b1f73f3ec3d5af",
                "reference": "fb0d71a7393298a7b232cbf4c8b1f73f3ec3d5af",
                "shasum": ""
            },
            "require": {
                "doctrine/lexer": "^1 || ^2",
                "ext-tokenizer": "*",
                "php": "^7.1 || ^8.0",
                "psr/cache": "^1 || ^2 || ^3"
            },
            "require-dev": {
                "doctrine/cache": "^1.11 || ^2.0",
                "doctrine/coding-standard": "^9 || ^10",
                "phpstan/phpstan": "~1.4.10 || ^1.8.0",
                "phpunit/phpunit": "^7.5 || ^8.5 || ^9.5",
                "symfony/cache": "^4.4 || ^5.4 || ^6",
                "vimeo/psalm": "^4.10"
            },
            "suggest": {
                "php": "PHP 8.0 or higher comes with attributes, a native replacement for annotations"
            },
            "type": "library",
            "autoload": {
                "psr-4": {
                    "Doctrine\\Common\\Annotations\\": "lib/Doctrine/Common/Annotations"
                }
            },
            "notification-url": "https://packagist.org/downloads/",
            "license": [
                "MIT"
            ],
            "authors": [
                {
                    "name": "Guilherme Blanco",
                    "email": "guilhermeblanco@gmail.com"
                },
                {
                    "name": "Roman Borschel",
                    "email": "roman@code-factory.org"
                },
                {
                    "name": "Benjamin Eberlei",
                    "email": "kontakt@beberlei.de"
                },
                {
                    "name": "Jonathan Wage",
                    "email": "jonwage@gmail.com"
                },
                {
                    "name": "Johannes Schmitt",
                    "email": "schmittjoh@gmail.com"
                }
            ],
            "description": "Docblock Annotations Parser",
            "homepage": "https://www.doctrine-project.org/projects/annotations.html",
            "keywords": [
                "annotations",
                "docblock",
                "parser"
            ],
            "support": {
                "issues": "https://github.com/doctrine/annotations/issues",
                "source": "https://github.com/doctrine/annotations/tree/1.14.3"
            },
            "time": "2023-02-01T09:20:38+00:00"
        },
        {
            "name": "doctrine/cache",
            "version": "2.2.0",
            "source": {
                "type": "git",
                "url": "https://github.com/doctrine/cache.git",
                "reference": "1ca8f21980e770095a31456042471a57bc4c68fb"
            },
            "dist": {
                "type": "zip",
                "url": "https://api.github.com/repos/doctrine/cache/zipball/1ca8f21980e770095a31456042471a57bc4c68fb",
                "reference": "1ca8f21980e770095a31456042471a57bc4c68fb",
                "shasum": ""
            },
            "require": {
                "php": "~7.1 || ^8.0"
            },
            "conflict": {
                "doctrine/common": ">2.2,<2.4"
            },
            "require-dev": {
                "cache/integration-tests": "dev-master",
                "doctrine/coding-standard": "^9",
                "phpunit/phpunit": "^7.5 || ^8.5 || ^9.5",
                "psr/cache": "^1.0 || ^2.0 || ^3.0",
                "symfony/cache": "^4.4 || ^5.4 || ^6",
                "symfony/var-exporter": "^4.4 || ^5.4 || ^6"
            },
            "type": "library",
            "autoload": {
                "psr-4": {
                    "Doctrine\\Common\\Cache\\": "lib/Doctrine/Common/Cache"
                }
            },
            "notification-url": "https://packagist.org/downloads/",
            "license": [
                "MIT"
            ],
            "authors": [
                {
                    "name": "Guilherme Blanco",
                    "email": "guilhermeblanco@gmail.com"
                },
                {
                    "name": "Roman Borschel",
                    "email": "roman@code-factory.org"
                },
                {
                    "name": "Benjamin Eberlei",
                    "email": "kontakt@beberlei.de"
                },
                {
                    "name": "Jonathan Wage",
                    "email": "jonwage@gmail.com"
                },
                {
                    "name": "Johannes Schmitt",
                    "email": "schmittjoh@gmail.com"
                }
            ],
            "description": "PHP Doctrine Cache library is a popular cache implementation that supports many different drivers such as redis, memcache, apc, mongodb and others.",
            "homepage": "https://www.doctrine-project.org/projects/cache.html",
            "keywords": [
                "abstraction",
                "apcu",
                "cache",
                "caching",
                "couchdb",
                "memcached",
                "php",
                "redis",
                "xcache"
            ],
            "support": {
                "issues": "https://github.com/doctrine/cache/issues",
                "source": "https://github.com/doctrine/cache/tree/2.2.0"
            },
            "funding": [
                {
                    "url": "https://www.doctrine-project.org/sponsorship.html",
                    "type": "custom"
                },
                {
                    "url": "https://www.patreon.com/phpdoctrine",
                    "type": "patreon"
                },
                {
                    "url": "https://tidelift.com/funding/github/packagist/doctrine%2Fcache",
                    "type": "tidelift"
                }
            ],
            "time": "2022-05-20T20:07:39+00:00"
        },
        {
            "name": "doctrine/collections",
            "version": "2.1.2",
            "source": {
                "type": "git",
                "url": "https://github.com/doctrine/collections.git",
                "reference": "db8cda536a034337f7dd63febecc713d4957f9ee"
            },
            "dist": {
                "type": "zip",
                "url": "https://api.github.com/repos/doctrine/collections/zipball/db8cda536a034337f7dd63febecc713d4957f9ee",
                "reference": "db8cda536a034337f7dd63febecc713d4957f9ee",
                "shasum": ""
            },
            "require": {
                "doctrine/deprecations": "^1",
                "php": "^8.1"
            },
            "require-dev": {
                "doctrine/coding-standard": "^10.0",
                "ext-json": "*",
                "phpstan/phpstan": "^1.8",
                "phpstan/phpstan-phpunit": "^1.0",
                "phpunit/phpunit": "^9.5",
                "vimeo/psalm": "^4.22"
            },
            "type": "library",
            "autoload": {
                "psr-4": {
                    "Doctrine\\Common\\Collections\\": "src"
                }
            },
            "notification-url": "https://packagist.org/downloads/",
            "license": [
                "MIT"
            ],
            "authors": [
                {
                    "name": "Guilherme Blanco",
                    "email": "guilhermeblanco@gmail.com"
                },
                {
                    "name": "Roman Borschel",
                    "email": "roman@code-factory.org"
                },
                {
                    "name": "Benjamin Eberlei",
                    "email": "kontakt@beberlei.de"
                },
                {
                    "name": "Jonathan Wage",
                    "email": "jonwage@gmail.com"
                },
                {
                    "name": "Johannes Schmitt",
                    "email": "schmittjoh@gmail.com"
                }
            ],
            "description": "PHP Doctrine Collections library that adds additional functionality on top of PHP arrays.",
            "homepage": "https://www.doctrine-project.org/projects/collections.html",
            "keywords": [
                "array",
                "collections",
                "iterators",
                "php"
            ],
            "support": {
                "issues": "https://github.com/doctrine/collections/issues",
                "source": "https://github.com/doctrine/collections/tree/2.1.2"
            },
            "funding": [
                {
                    "url": "https://www.doctrine-project.org/sponsorship.html",
                    "type": "custom"
                },
                {
                    "url": "https://www.patreon.com/phpdoctrine",
                    "type": "patreon"
                },
                {
                    "url": "https://tidelift.com/funding/github/packagist/doctrine%2Fcollections",
                    "type": "tidelift"
                }
            ],
            "time": "2022-12-27T23:41:38+00:00"
        },
        {
            "name": "doctrine/common",
            "version": "3.4.3",
            "source": {
                "type": "git",
                "url": "https://github.com/doctrine/common.git",
                "reference": "8b5e5650391f851ed58910b3e3d48a71062eeced"
            },
            "dist": {
                "type": "zip",
                "url": "https://api.github.com/repos/doctrine/common/zipball/8b5e5650391f851ed58910b3e3d48a71062eeced",
                "reference": "8b5e5650391f851ed58910b3e3d48a71062eeced",
                "shasum": ""
            },
            "require": {
                "doctrine/persistence": "^2.0 || ^3.0",
                "php": "^7.1 || ^8.0"
            },
            "require-dev": {
                "doctrine/coding-standard": "^9.0 || ^10.0",
                "doctrine/collections": "^1",
                "phpstan/phpstan": "^1.4.1",
                "phpstan/phpstan-phpunit": "^1",
                "phpunit/phpunit": "^7.5.20 || ^8.5 || ^9.0",
                "squizlabs/php_codesniffer": "^3.0",
                "symfony/phpunit-bridge": "^6.1",
                "vimeo/psalm": "^4.4"
            },
            "type": "library",
            "autoload": {
                "psr-4": {
                    "Doctrine\\Common\\": "src"
                }
            },
            "notification-url": "https://packagist.org/downloads/",
            "license": [
                "MIT"
            ],
            "authors": [
                {
                    "name": "Guilherme Blanco",
                    "email": "guilhermeblanco@gmail.com"
                },
                {
                    "name": "Roman Borschel",
                    "email": "roman@code-factory.org"
                },
                {
                    "name": "Benjamin Eberlei",
                    "email": "kontakt@beberlei.de"
                },
                {
                    "name": "Jonathan Wage",
                    "email": "jonwage@gmail.com"
                },
                {
                    "name": "Johannes Schmitt",
                    "email": "schmittjoh@gmail.com"
                },
                {
                    "name": "Marco Pivetta",
                    "email": "ocramius@gmail.com"
                }
            ],
            "description": "PHP Doctrine Common project is a library that provides additional functionality that other Doctrine projects depend on such as better reflection support, proxies and much more.",
            "homepage": "https://www.doctrine-project.org/projects/common.html",
            "keywords": [
                "common",
                "doctrine",
                "php"
            ],
            "support": {
                "issues": "https://github.com/doctrine/common/issues",
                "source": "https://github.com/doctrine/common/tree/3.4.3"
            },
            "funding": [
                {
                    "url": "https://www.doctrine-project.org/sponsorship.html",
                    "type": "custom"
                },
                {
                    "url": "https://www.patreon.com/phpdoctrine",
                    "type": "patreon"
                },
                {
                    "url": "https://tidelift.com/funding/github/packagist/doctrine%2Fcommon",
                    "type": "tidelift"
                }
            ],
            "time": "2022-10-09T11:47:59+00:00"
        },
        {
            "name": "doctrine/dbal",
            "version": "3.6.1",
            "source": {
                "type": "git",
                "url": "https://github.com/doctrine/dbal.git",
                "reference": "57815c7bbcda3cd18871d253c1dd8cbe56f8526e"
            },
            "dist": {
                "type": "zip",
                "url": "https://api.github.com/repos/doctrine/dbal/zipball/57815c7bbcda3cd18871d253c1dd8cbe56f8526e",
                "reference": "57815c7bbcda3cd18871d253c1dd8cbe56f8526e",
                "shasum": ""
            },
            "require": {
                "composer-runtime-api": "^2",
                "doctrine/cache": "^1.11|^2.0",
                "doctrine/deprecations": "^0.5.3|^1",
                "doctrine/event-manager": "^1|^2",
                "php": "^7.4 || ^8.0",
                "psr/cache": "^1|^2|^3",
                "psr/log": "^1|^2|^3"
            },
            "require-dev": {
                "doctrine/coding-standard": "11.1.0",
                "fig/log-test": "^1",
                "jetbrains/phpstorm-stubs": "2022.3",
                "phpstan/phpstan": "1.10.3",
                "phpstan/phpstan-strict-rules": "^1.5",
                "phpunit/phpunit": "9.6.4",
                "psalm/plugin-phpunit": "0.18.4",
                "squizlabs/php_codesniffer": "3.7.2",
                "symfony/cache": "^5.4|^6.0",
                "symfony/console": "^4.4|^5.4|^6.0",
                "vimeo/psalm": "4.30.0"
            },
            "suggest": {
                "symfony/console": "For helpful console commands such as SQL execution and import of files."
            },
            "bin": [
                "bin/doctrine-dbal"
            ],
            "type": "library",
            "autoload": {
                "psr-4": {
                    "Doctrine\\DBAL\\": "src"
                }
            },
            "notification-url": "https://packagist.org/downloads/",
            "license": [
                "MIT"
            ],
            "authors": [
                {
                    "name": "Guilherme Blanco",
                    "email": "guilhermeblanco@gmail.com"
                },
                {
                    "name": "Roman Borschel",
                    "email": "roman@code-factory.org"
                },
                {
                    "name": "Benjamin Eberlei",
                    "email": "kontakt@beberlei.de"
                },
                {
                    "name": "Jonathan Wage",
                    "email": "jonwage@gmail.com"
                }
            ],
            "description": "Powerful PHP database abstraction layer (DBAL) with many features for database schema introspection and management.",
            "homepage": "https://www.doctrine-project.org/projects/dbal.html",
            "keywords": [
                "abstraction",
                "database",
                "db2",
                "dbal",
                "mariadb",
                "mssql",
                "mysql",
                "oci8",
                "oracle",
                "pdo",
                "pgsql",
                "postgresql",
                "queryobject",
                "sasql",
                "sql",
                "sqlite",
                "sqlserver",
                "sqlsrv"
            ],
            "support": {
                "issues": "https://github.com/doctrine/dbal/issues",
                "source": "https://github.com/doctrine/dbal/tree/3.6.1"
            },
            "funding": [
                {
                    "url": "https://www.doctrine-project.org/sponsorship.html",
                    "type": "custom"
                },
                {
                    "url": "https://www.patreon.com/phpdoctrine",
                    "type": "patreon"
                },
                {
                    "url": "https://tidelift.com/funding/github/packagist/doctrine%2Fdbal",
                    "type": "tidelift"
                }
            ],
            "time": "2023-03-02T19:26:24+00:00"
        },
        {
            "name": "doctrine/deprecations",
            "version": "v1.0.0",
            "source": {
                "type": "git",
                "url": "https://github.com/doctrine/deprecations.git",
                "reference": "0e2a4f1f8cdfc7a92ec3b01c9334898c806b30de"
            },
            "dist": {
                "type": "zip",
                "url": "https://api.github.com/repos/doctrine/deprecations/zipball/0e2a4f1f8cdfc7a92ec3b01c9334898c806b30de",
                "reference": "0e2a4f1f8cdfc7a92ec3b01c9334898c806b30de",
                "shasum": ""
            },
            "require": {
                "php": "^7.1|^8.0"
            },
            "require-dev": {
                "doctrine/coding-standard": "^9",
                "phpunit/phpunit": "^7.5|^8.5|^9.5",
                "psr/log": "^1|^2|^3"
            },
            "suggest": {
                "psr/log": "Allows logging deprecations via PSR-3 logger implementation"
            },
            "type": "library",
            "autoload": {
                "psr-4": {
                    "Doctrine\\Deprecations\\": "lib/Doctrine/Deprecations"
                }
            },
            "notification-url": "https://packagist.org/downloads/",
            "license": [
                "MIT"
            ],
            "description": "A small layer on top of trigger_error(E_USER_DEPRECATED) or PSR-3 logging with options to disable all deprecations or selectively for packages.",
            "homepage": "https://www.doctrine-project.org/",
            "support": {
                "issues": "https://github.com/doctrine/deprecations/issues",
                "source": "https://github.com/doctrine/deprecations/tree/v1.0.0"
            },
            "time": "2022-05-02T15:47:09+00:00"
        },
        {
            "name": "doctrine/doctrine-bundle",
            "version": "2.8.3",
            "source": {
                "type": "git",
                "url": "https://github.com/doctrine/DoctrineBundle.git",
                "reference": "fd67ba64db3c806f626a33dcab15a4db0c77652e"
            },
            "dist": {
                "type": "zip",
                "url": "https://api.github.com/repos/doctrine/DoctrineBundle/zipball/fd67ba64db3c806f626a33dcab15a4db0c77652e",
                "reference": "fd67ba64db3c806f626a33dcab15a4db0c77652e",
                "shasum": ""
            },
            "require": {
                "doctrine/cache": "^1.11 || ^2.0",
                "doctrine/dbal": "^3.4.0",
                "doctrine/persistence": "^2.2 || ^3",
                "doctrine/sql-formatter": "^1.0.1",
                "php": "^7.4 || ^8.0",
                "symfony/cache": "^5.4 || ^6.0",
                "symfony/config": "^5.4 || ^6.0",
                "symfony/console": "^5.4 || ^6.0",
                "symfony/dependency-injection": "^5.4 || ^6.0",
                "symfony/deprecation-contracts": "^2.1 || ^3",
                "symfony/doctrine-bridge": "^5.4.19 || ^6.0.7",
                "symfony/framework-bundle": "^5.4 || ^6.0",
                "symfony/service-contracts": "^1.1.1 || ^2.0 || ^3"
            },
            "conflict": {
                "doctrine/annotations": ">=3.0",
                "doctrine/orm": "<2.11 || >=3.0",
                "twig/twig": "<1.34 || >=2.0,<2.4"
            },
            "require-dev": {
                "doctrine/annotations": "^1 || ^2",
                "doctrine/coding-standard": "^9.0",
                "doctrine/orm": "^2.11 || ^3.0",
                "friendsofphp/proxy-manager-lts": "^1.0",
                "phpunit/phpunit": "^9.5.26 || ^10.0",
                "psalm/plugin-phpunit": "^0.18.4",
                "psalm/plugin-symfony": "^4",
                "psr/log": "^1.1.4 || ^2.0 || ^3.0",
                "symfony/phpunit-bridge": "^6.1",
                "symfony/property-info": "^5.4 || ^6.0",
                "symfony/proxy-manager-bridge": "^5.4 || ^6.0",
                "symfony/security-bundle": "^5.4 || ^6.0",
                "symfony/twig-bridge": "^5.4 || ^6.0",
                "symfony/validator": "^5.4 || ^6.0",
                "symfony/web-profiler-bundle": "^5.4 || ^6.0",
                "symfony/yaml": "^5.4 || ^6.0",
                "twig/twig": "^1.34 || ^2.12 || ^3.0",
                "vimeo/psalm": "^4.30"
            },
            "suggest": {
                "doctrine/orm": "The Doctrine ORM integration is optional in the bundle.",
                "ext-pdo": "*",
                "symfony/web-profiler-bundle": "To use the data collector."
            },
            "type": "symfony-bundle",
            "autoload": {
                "psr-4": {
                    "Doctrine\\Bundle\\DoctrineBundle\\": ""
                }
            },
            "notification-url": "https://packagist.org/downloads/",
            "license": [
                "MIT"
            ],
            "authors": [
                {
                    "name": "Fabien Potencier",
                    "email": "fabien@symfony.com"
                },
                {
                    "name": "Benjamin Eberlei",
                    "email": "kontakt@beberlei.de"
                },
                {
                    "name": "Symfony Community",
                    "homepage": "https://symfony.com/contributors"
                },
                {
                    "name": "Doctrine Project",
                    "homepage": "https://www.doctrine-project.org/"
                }
            ],
            "description": "Symfony DoctrineBundle",
            "homepage": "https://www.doctrine-project.org",
            "keywords": [
                "database",
                "dbal",
                "orm",
                "persistence"
            ],
            "support": {
                "issues": "https://github.com/doctrine/DoctrineBundle/issues",
                "source": "https://github.com/doctrine/DoctrineBundle/tree/2.8.3"
            },
            "funding": [
                {
                    "url": "https://www.doctrine-project.org/sponsorship.html",
                    "type": "custom"
                },
                {
                    "url": "https://www.patreon.com/phpdoctrine",
                    "type": "patreon"
                },
                {
                    "url": "https://tidelift.com/funding/github/packagist/doctrine%2Fdoctrine-bundle",
                    "type": "tidelift"
                }
            ],
            "time": "2023-02-03T09:32:42+00:00"
        },
        {
            "name": "doctrine/doctrine-migrations-bundle",
            "version": "3.2.2",
            "source": {
                "type": "git",
                "url": "https://github.com/doctrine/DoctrineMigrationsBundle.git",
                "reference": "3393f411ba25ade21969c33f2053220044854d01"
            },
            "dist": {
                "type": "zip",
                "url": "https://api.github.com/repos/doctrine/DoctrineMigrationsBundle/zipball/3393f411ba25ade21969c33f2053220044854d01",
                "reference": "3393f411ba25ade21969c33f2053220044854d01",
                "shasum": ""
            },
            "require": {
                "doctrine/doctrine-bundle": "~1.0|~2.0",
                "doctrine/migrations": "^3.2",
                "php": "^7.2|^8.0",
                "symfony/framework-bundle": "~3.4|~4.0|~5.0|~6.0"
            },
            "require-dev": {
                "doctrine/coding-standard": "^8.0",
                "doctrine/orm": "^2.6",
                "doctrine/persistence": "^1.3||^2.0",
                "phpstan/phpstan": "^0.12",
                "phpstan/phpstan-deprecation-rules": "^0.12",
                "phpstan/phpstan-phpunit": "^0.12",
                "phpstan/phpstan-strict-rules": "^0.12",
                "phpunit/phpunit": "^8.0|^9.0",
                "vimeo/psalm": "^4.11"
            },
            "type": "symfony-bundle",
            "autoload": {
                "psr-4": {
                    "Doctrine\\Bundle\\MigrationsBundle\\": ""
                },
                "exclude-from-classmap": [
                    "/Tests/"
                ]
            },
            "notification-url": "https://packagist.org/downloads/",
            "license": [
                "MIT"
            ],
            "authors": [
                {
                    "name": "Fabien Potencier",
                    "email": "fabien@symfony.com"
                },
                {
                    "name": "Doctrine Project",
                    "homepage": "https://www.doctrine-project.org"
                },
                {
                    "name": "Symfony Community",
                    "homepage": "https://symfony.com/contributors"
                }
            ],
            "description": "Symfony DoctrineMigrationsBundle",
            "homepage": "https://www.doctrine-project.org",
            "keywords": [
                "dbal",
                "migrations",
                "schema"
            ],
            "support": {
                "issues": "https://github.com/doctrine/DoctrineMigrationsBundle/issues",
                "source": "https://github.com/doctrine/DoctrineMigrationsBundle/tree/3.2.2"
            },
            "funding": [
                {
                    "url": "https://www.doctrine-project.org/sponsorship.html",
                    "type": "custom"
                },
                {
                    "url": "https://www.patreon.com/phpdoctrine",
                    "type": "patreon"
                },
                {
                    "url": "https://tidelift.com/funding/github/packagist/doctrine%2Fdoctrine-migrations-bundle",
                    "type": "tidelift"
                }
            ],
            "time": "2022-02-01T18:08:07+00:00"
        },
        {
            "name": "doctrine/event-manager",
            "version": "1.2.0",
            "source": {
                "type": "git",
                "url": "https://github.com/doctrine/event-manager.git",
                "reference": "95aa4cb529f1e96576f3fda9f5705ada4056a520"
            },
            "dist": {
                "type": "zip",
                "url": "https://api.github.com/repos/doctrine/event-manager/zipball/95aa4cb529f1e96576f3fda9f5705ada4056a520",
                "reference": "95aa4cb529f1e96576f3fda9f5705ada4056a520",
                "shasum": ""
            },
            "require": {
                "doctrine/deprecations": "^0.5.3 || ^1",
                "php": "^7.1 || ^8.0"
            },
            "conflict": {
                "doctrine/common": "<2.9"
            },
            "require-dev": {
                "doctrine/coding-standard": "^9 || ^10",
                "phpstan/phpstan": "~1.4.10 || ^1.8.8",
                "phpunit/phpunit": "^7.5 || ^8.5 || ^9.5",
                "vimeo/psalm": "^4.24"
            },
            "type": "library",
            "autoload": {
                "psr-4": {
                    "Doctrine\\Common\\": "src"
                }
            },
            "notification-url": "https://packagist.org/downloads/",
            "license": [
                "MIT"
            ],
            "authors": [
                {
                    "name": "Guilherme Blanco",
                    "email": "guilhermeblanco@gmail.com"
                },
                {
                    "name": "Roman Borschel",
                    "email": "roman@code-factory.org"
                },
                {
                    "name": "Benjamin Eberlei",
                    "email": "kontakt@beberlei.de"
                },
                {
                    "name": "Jonathan Wage",
                    "email": "jonwage@gmail.com"
                },
                {
                    "name": "Johannes Schmitt",
                    "email": "schmittjoh@gmail.com"
                },
                {
                    "name": "Marco Pivetta",
                    "email": "ocramius@gmail.com"
                }
            ],
            "description": "The Doctrine Event Manager is a simple PHP event system that was built to be used with the various Doctrine projects.",
            "homepage": "https://www.doctrine-project.org/projects/event-manager.html",
            "keywords": [
                "event",
                "event dispatcher",
                "event manager",
                "event system",
                "events"
            ],
            "support": {
                "issues": "https://github.com/doctrine/event-manager/issues",
                "source": "https://github.com/doctrine/event-manager/tree/1.2.0"
            },
            "funding": [
                {
                    "url": "https://www.doctrine-project.org/sponsorship.html",
                    "type": "custom"
                },
                {
                    "url": "https://www.patreon.com/phpdoctrine",
                    "type": "patreon"
                },
                {
                    "url": "https://tidelift.com/funding/github/packagist/doctrine%2Fevent-manager",
                    "type": "tidelift"
                }
            ],
            "time": "2022-10-12T20:51:15+00:00"
        },
        {
            "name": "doctrine/inflector",
            "version": "2.0.6",
            "source": {
                "type": "git",
                "url": "https://github.com/doctrine/inflector.git",
                "reference": "d9d313a36c872fd6ee06d9a6cbcf713eaa40f024"
            },
            "dist": {
                "type": "zip",
                "url": "https://api.github.com/repos/doctrine/inflector/zipball/d9d313a36c872fd6ee06d9a6cbcf713eaa40f024",
                "reference": "d9d313a36c872fd6ee06d9a6cbcf713eaa40f024",
                "shasum": ""
            },
            "require": {
                "php": "^7.2 || ^8.0"
            },
            "require-dev": {
                "doctrine/coding-standard": "^10",
                "phpstan/phpstan": "^1.8",
                "phpstan/phpstan-phpunit": "^1.1",
                "phpstan/phpstan-strict-rules": "^1.3",
                "phpunit/phpunit": "^8.5 || ^9.5",
                "vimeo/psalm": "^4.25"
            },
            "type": "library",
            "autoload": {
                "psr-4": {
                    "Doctrine\\Inflector\\": "lib/Doctrine/Inflector"
                }
            },
            "notification-url": "https://packagist.org/downloads/",
            "license": [
                "MIT"
            ],
            "authors": [
                {
                    "name": "Guilherme Blanco",
                    "email": "guilhermeblanco@gmail.com"
                },
                {
                    "name": "Roman Borschel",
                    "email": "roman@code-factory.org"
                },
                {
                    "name": "Benjamin Eberlei",
                    "email": "kontakt@beberlei.de"
                },
                {
                    "name": "Jonathan Wage",
                    "email": "jonwage@gmail.com"
                },
                {
                    "name": "Johannes Schmitt",
                    "email": "schmittjoh@gmail.com"
                }
            ],
            "description": "PHP Doctrine Inflector is a small library that can perform string manipulations with regard to upper/lowercase and singular/plural forms of words.",
            "homepage": "https://www.doctrine-project.org/projects/inflector.html",
            "keywords": [
                "inflection",
                "inflector",
                "lowercase",
                "manipulation",
                "php",
                "plural",
                "singular",
                "strings",
                "uppercase",
                "words"
            ],
            "support": {
                "issues": "https://github.com/doctrine/inflector/issues",
                "source": "https://github.com/doctrine/inflector/tree/2.0.6"
            },
            "funding": [
                {
                    "url": "https://www.doctrine-project.org/sponsorship.html",
                    "type": "custom"
                },
                {
                    "url": "https://www.patreon.com/phpdoctrine",
                    "type": "patreon"
                },
                {
                    "url": "https://tidelift.com/funding/github/packagist/doctrine%2Finflector",
                    "type": "tidelift"
                }
            ],
            "time": "2022-10-20T09:10:12+00:00"
        },
        {
            "name": "doctrine/instantiator",
            "version": "1.5.0",
            "source": {
                "type": "git",
                "url": "https://github.com/doctrine/instantiator.git",
                "reference": "0a0fa9780f5d4e507415a065172d26a98d02047b"
            },
            "dist": {
                "type": "zip",
                "url": "https://api.github.com/repos/doctrine/instantiator/zipball/0a0fa9780f5d4e507415a065172d26a98d02047b",
                "reference": "0a0fa9780f5d4e507415a065172d26a98d02047b",
                "shasum": ""
            },
            "require": {
                "php": "^7.1 || ^8.0"
            },
            "require-dev": {
                "doctrine/coding-standard": "^9 || ^11",
                "ext-pdo": "*",
                "ext-phar": "*",
                "phpbench/phpbench": "^0.16 || ^1",
                "phpstan/phpstan": "^1.4",
                "phpstan/phpstan-phpunit": "^1",
                "phpunit/phpunit": "^7.5 || ^8.5 || ^9.5",
                "vimeo/psalm": "^4.30 || ^5.4"
            },
            "type": "library",
            "autoload": {
                "psr-4": {
                    "Doctrine\\Instantiator\\": "src/Doctrine/Instantiator/"
                }
            },
            "notification-url": "https://packagist.org/downloads/",
            "license": [
                "MIT"
            ],
            "authors": [
                {
                    "name": "Marco Pivetta",
                    "email": "ocramius@gmail.com",
                    "homepage": "https://ocramius.github.io/"
                }
            ],
            "description": "A small, lightweight utility to instantiate objects in PHP without invoking their constructors",
            "homepage": "https://www.doctrine-project.org/projects/instantiator.html",
            "keywords": [
                "constructor",
                "instantiate"
            ],
            "support": {
                "issues": "https://github.com/doctrine/instantiator/issues",
                "source": "https://github.com/doctrine/instantiator/tree/1.5.0"
            },
            "funding": [
                {
                    "url": "https://www.doctrine-project.org/sponsorship.html",
                    "type": "custom"
                },
                {
                    "url": "https://www.patreon.com/phpdoctrine",
                    "type": "patreon"
                },
                {
                    "url": "https://tidelift.com/funding/github/packagist/doctrine%2Finstantiator",
                    "type": "tidelift"
                }
            ],
            "time": "2022-12-30T00:15:36+00:00"
        },
        {
            "name": "doctrine/lexer",
            "version": "2.1.0",
            "source": {
                "type": "git",
                "url": "https://github.com/doctrine/lexer.git",
                "reference": "39ab8fcf5a51ce4b85ca97c7a7d033eb12831124"
            },
            "dist": {
                "type": "zip",
                "url": "https://api.github.com/repos/doctrine/lexer/zipball/39ab8fcf5a51ce4b85ca97c7a7d033eb12831124",
                "reference": "39ab8fcf5a51ce4b85ca97c7a7d033eb12831124",
                "shasum": ""
            },
            "require": {
                "doctrine/deprecations": "^1.0",
                "php": "^7.1 || ^8.0"
            },
            "require-dev": {
                "doctrine/coding-standard": "^9 || ^10",
                "phpstan/phpstan": "^1.3",
                "phpunit/phpunit": "^7.5 || ^8.5 || ^9.5",
                "psalm/plugin-phpunit": "^0.18.3",
                "vimeo/psalm": "^4.11 || ^5.0"
            },
            "type": "library",
            "autoload": {
                "psr-4": {
                    "Doctrine\\Common\\Lexer\\": "src"
                }
            },
            "notification-url": "https://packagist.org/downloads/",
            "license": [
                "MIT"
            ],
            "authors": [
                {
                    "name": "Guilherme Blanco",
                    "email": "guilhermeblanco@gmail.com"
                },
                {
                    "name": "Roman Borschel",
                    "email": "roman@code-factory.org"
                },
                {
                    "name": "Johannes Schmitt",
                    "email": "schmittjoh@gmail.com"
                }
            ],
            "description": "PHP Doctrine Lexer parser library that can be used in Top-Down, Recursive Descent Parsers.",
            "homepage": "https://www.doctrine-project.org/projects/lexer.html",
            "keywords": [
                "annotations",
                "docblock",
                "lexer",
                "parser",
                "php"
            ],
            "support": {
                "issues": "https://github.com/doctrine/lexer/issues",
                "source": "https://github.com/doctrine/lexer/tree/2.1.0"
            },
            "funding": [
                {
                    "url": "https://www.doctrine-project.org/sponsorship.html",
                    "type": "custom"
                },
                {
                    "url": "https://www.patreon.com/phpdoctrine",
                    "type": "patreon"
                },
                {
                    "url": "https://tidelift.com/funding/github/packagist/doctrine%2Flexer",
                    "type": "tidelift"
                }
            ],
            "time": "2022-12-14T08:49:07+00:00"
        },
        {
            "name": "doctrine/migrations",
            "version": "3.6.0",
            "source": {
                "type": "git",
                "url": "https://github.com/doctrine/migrations.git",
                "reference": "e542ad8bcd606d7a18d0875babb8a6d963c9c059"
            },
            "dist": {
                "type": "zip",
                "url": "https://api.github.com/repos/doctrine/migrations/zipball/e542ad8bcd606d7a18d0875babb8a6d963c9c059",
                "reference": "e542ad8bcd606d7a18d0875babb8a6d963c9c059",
                "shasum": ""
            },
            "require": {
                "composer-runtime-api": "^2",
                "doctrine/dbal": "^3.5.1",
                "doctrine/deprecations": "^0.5.3 || ^1",
                "doctrine/event-manager": "^1.2 || ^2.0",
                "php": "^8.1",
                "psr/log": "^1.1.3 || ^2 || ^3",
                "symfony/console": "^4.4.16 || ^5.4 || ^6.0",
                "symfony/stopwatch": "^4.4 || ^5.4 || ^6.0",
                "symfony/var-exporter": "^6.2"
            },
            "conflict": {
                "doctrine/orm": "<2.12"
            },
            "require-dev": {
                "doctrine/coding-standard": "^9",
                "doctrine/orm": "^2.13",
                "doctrine/persistence": "^2 || ^3",
                "doctrine/sql-formatter": "^1.0",
                "ext-pdo_sqlite": "*",
                "phpstan/phpstan": "^1.5",
                "phpstan/phpstan-deprecation-rules": "^1",
                "phpstan/phpstan-phpunit": "^1.1",
                "phpstan/phpstan-strict-rules": "^1.1",
                "phpstan/phpstan-symfony": "^1.1",
                "phpunit/phpunit": "^9.5.24",
                "symfony/cache": "^4.4 || ^5.4 || ^6.0",
                "symfony/process": "^4.4 || ^5.4 || ^6.0",
                "symfony/yaml": "^4.4 || ^5.4 || ^6.0"
            },
            "suggest": {
                "doctrine/sql-formatter": "Allows to generate formatted SQL with the diff command.",
                "symfony/yaml": "Allows the use of yaml for migration configuration files."
            },
            "bin": [
                "bin/doctrine-migrations"
            ],
            "type": "library",
            "autoload": {
                "psr-4": {
                    "Doctrine\\Migrations\\": "lib/Doctrine/Migrations"
                }
            },
            "notification-url": "https://packagist.org/downloads/",
            "license": [
                "MIT"
            ],
            "authors": [
                {
                    "name": "Benjamin Eberlei",
                    "email": "kontakt@beberlei.de"
                },
                {
                    "name": "Jonathan Wage",
                    "email": "jonwage@gmail.com"
                },
                {
                    "name": "Michael Simonson",
                    "email": "contact@mikesimonson.com"
                }
            ],
            "description": "PHP Doctrine Migrations project offer additional functionality on top of the database abstraction layer (DBAL) for versioning your database schema and easily deploying changes to it. It is a very easy to use and a powerful tool.",
            "homepage": "https://www.doctrine-project.org/projects/migrations.html",
            "keywords": [
                "database",
                "dbal",
                "migrations"
            ],
            "support": {
                "issues": "https://github.com/doctrine/migrations/issues",
                "source": "https://github.com/doctrine/migrations/tree/3.6.0"
            },
            "funding": [
                {
                    "url": "https://www.doctrine-project.org/sponsorship.html",
                    "type": "custom"
                },
                {
                    "url": "https://www.patreon.com/phpdoctrine",
                    "type": "patreon"
                },
                {
                    "url": "https://tidelift.com/funding/github/packagist/doctrine%2Fmigrations",
                    "type": "tidelift"
                }
            ],
            "time": "2023-02-15T18:49:46+00:00"
        },
        {
            "name": "doctrine/orm",
            "version": "2.14.1",
            "source": {
                "type": "git",
                "url": "https://github.com/doctrine/orm.git",
                "reference": "de7eee5ed7b1b35c99b118f26f210a8281e6db8e"
            },
            "dist": {
                "type": "zip",
                "url": "https://api.github.com/repos/doctrine/orm/zipball/de7eee5ed7b1b35c99b118f26f210a8281e6db8e",
                "reference": "de7eee5ed7b1b35c99b118f26f210a8281e6db8e",
                "shasum": ""
            },
            "require": {
                "composer-runtime-api": "^2",
                "doctrine/cache": "^1.12.1 || ^2.1.1",
                "doctrine/collections": "^1.5 || ^2.0",
                "doctrine/common": "^3.0.3",
                "doctrine/dbal": "^2.13.1 || ^3.2",
                "doctrine/deprecations": "^0.5.3 || ^1",
                "doctrine/event-manager": "^1.2 || ^2",
                "doctrine/inflector": "^1.4 || ^2.0",
                "doctrine/instantiator": "^1.3",
                "doctrine/lexer": "^1.2.3 || ^2",
                "doctrine/persistence": "^2.4 || ^3",
                "ext-ctype": "*",
                "php": "^7.1 || ^8.0",
                "psr/cache": "^1 || ^2 || ^3",
                "symfony/console": "^4.2 || ^5.0 || ^6.0",
                "symfony/polyfill-php72": "^1.23",
                "symfony/polyfill-php80": "^1.16"
            },
            "conflict": {
                "doctrine/annotations": "<1.13 || >= 3.0"
            },
            "require-dev": {
                "doctrine/annotations": "^1.13 || ^2",
                "doctrine/coding-standard": "^9.0.2 || ^11.0",
                "phpbench/phpbench": "^0.16.10 || ^1.0",
                "phpstan/phpstan": "~1.4.10 || 1.9.8",
                "phpunit/phpunit": "^7.5 || ^8.5 || ^9.5",
                "psr/log": "^1 || ^2 || ^3",
                "squizlabs/php_codesniffer": "3.7.1",
                "symfony/cache": "^4.4 || ^5.4 || ^6.0",
                "symfony/var-exporter": "^4.4 || ^5.4 || ^6.2",
                "symfony/yaml": "^3.4 || ^4.0 || ^5.0 || ^6.0",
                "vimeo/psalm": "4.30.0 || 5.4.0"
            },
            "suggest": {
                "ext-dom": "Provides support for XSD validation for XML mapping files",
                "symfony/cache": "Provides cache support for Setup Tool with doctrine/cache 2.0",
                "symfony/yaml": "If you want to use YAML Metadata Mapping Driver"
            },
            "bin": [
                "bin/doctrine"
            ],
            "type": "library",
            "autoload": {
                "psr-4": {
                    "Doctrine\\ORM\\": "lib/Doctrine/ORM"
                }
            },
            "notification-url": "https://packagist.org/downloads/",
            "license": [
                "MIT"
            ],
            "authors": [
                {
                    "name": "Guilherme Blanco",
                    "email": "guilhermeblanco@gmail.com"
                },
                {
                    "name": "Roman Borschel",
                    "email": "roman@code-factory.org"
                },
                {
                    "name": "Benjamin Eberlei",
                    "email": "kontakt@beberlei.de"
                },
                {
                    "name": "Jonathan Wage",
                    "email": "jonwage@gmail.com"
                },
                {
                    "name": "Marco Pivetta",
                    "email": "ocramius@gmail.com"
                }
            ],
            "description": "Object-Relational-Mapper for PHP",
            "homepage": "https://www.doctrine-project.org/projects/orm.html",
            "keywords": [
                "database",
                "orm"
            ],
            "support": {
                "issues": "https://github.com/doctrine/orm/issues",
                "source": "https://github.com/doctrine/orm/tree/2.14.1"
            },
            {

            "time": "2023-01-16T18:36:59+00:00" 
        },
        {
            "name": "doctrine/persistence",
            "version": "3.1.4",
            "source": {
                "type": "git",
                "url": "https://github.com/doctrine/persistence.git",
                "reference": "8bf8ab15960787f1a49d405f6eb8c787b4841119"
            },
            "dist": {
                "type": "zip",
                "url": "https://api.github.com/repos/doctrine/persistence/zipball/8bf8ab15960787f1a49d405f6eb8c787b4841119",
                "reference": "8bf8ab15960787f1a49d405f6eb8c787b4841119",
                "shasum": ""
            },
            "require": {
                "doctrine/event-manager": "^1 || ^2",
                "php": "^7.2 || ^8.0",
                "psr/cache": "^1.0 || ^2.0 || ^3.0"
            },
            